// !$*UTF8*$!
{
	archiveVersion = 1;
	classes = {
	};
	objectVersion = 50;
	objects = {

/* Begin PBXBuildFile section */
		06FED3EC2750B45000E15EA6 /* AppDelegate.swift in Sources */ = {isa = PBXBuildFile; fileRef = 06FED3EB2750B45000E15EA6 /* AppDelegate.swift */; };
		06FED3EE2750B45000E15EA6 /* SceneDelegate.swift in Sources */ = {isa = PBXBuildFile; fileRef = 06FED3ED2750B45000E15EA6 /* SceneDelegate.swift */; };
		06FED3F02750B45000E15EA6 /* ViewController.swift in Sources */ = {isa = PBXBuildFile; fileRef = 06FED3EF2750B45000E15EA6 /* ViewController.swift */; };
		06FED3F32750B45000E15EA6 /* Main.storyboard in Resources */ = {isa = PBXBuildFile; fileRef = 06FED3F12750B45000E15EA6 /* Main.storyboard */; };
		06FED3F52750B45200E15EA6 /* Assets.xcassets in Resources */ = {isa = PBXBuildFile; fileRef = 06FED3F42750B45200E15EA6 /* Assets.xcassets */; };
		06FED3F82750B45200E15EA6 /* LaunchScreen.storyboard in Resources */ = {isa = PBXBuildFile; fileRef = 06FED3F62750B45200E15EA6 /* LaunchScreen.storyboard */; };
		06FED4032750B45200E15EA6 /* PreworkTests.swift in Sources */ = {isa = PBXBuildFile; fileRef = 06FED4022750B45200E15EA6 /* PreworkTests.swift */; };
		06FED40E2750B45200E15EA6 /* PreworkUITests.swift in Sources */ = {isa = PBXBuildFile; fileRef = 06FED40D2750B45200E15EA6 /* PreworkUITests.swift */; };
/* End PBXBuildFile section */

/* Begin PBXContainerItemProxy section */
		06FED3FF2750B45200E15EA6 /* PBXContainerItemProxy */ = {
			isa = PBXContainerItemProxy;
			containerPortal = 06FED3E02750B45000E15EA6 /* Project object */;
			proxyType = 1;
			remoteGlobalIDString = 06FED3E72750B45000E15EA6;
			remoteInfo = Prework;
		};
		06FED40A2750B45200E15EA6 /* PBXContainerItemProxy */ = {
			isa = PBXContainerItemProxy;
			containerPortal = 06FED3E02750B45000E15EA6 /* Project object */;
			proxyType = 1;
			remoteGlobalIDString = 06FED3E72750B45000E15EA6;
			remoteInfo = Prework;
		};
/* End PBXContainerItemProxy section */

/* Begin PBXFileReference section */
		06FED3E82750B45000E15EA6 /* Prework.app */ = {isa = PBXFileReference; explicitFileType = wrapper.application; includeInIndex = 0; path = Prework.app; sourceTree = BUILT_PRODUCTS_DIR; };
		06FED3EB2750B45000E15EA6 /* AppDelegate.swift */ = {isa = PBXFileReference; lastKnownFileType = sourcecode.swift; path = AppDelegate.swift; sourceTree = "<group>"; };
		06FED3ED2750B45000E15EA6 /* SceneDelegate.swift */ = {isa = PBXFileReference; lastKnownFileType = sourcecode.swift; path = SceneDelegate.swift; sourceTree = "<group>"; };
		06FED3EF2750B45000E15EA6 /* ViewController.swift */ = {isa = PBXFileReference; lastKnownFileType = sourcecode.swift; path = ViewController.swift; sourceTree = "<group>"; };
		06FED3F22750B45000E15EA6 /* Base */ = {isa = PBXFileReference; lastKnownFileType = file.storyboard; name = Base; path = Base.lproj/Main.storyboard; sourceTree = "<group>"; };
		06FED3F42750B45200E15EA6 /* Assets.xcassets */ = {isa = PBXFileReference; lastKnownFileType = folder.assetcatalog; path = Assets.xcassets; sourceTree = "<group>"; };
		06FED3F72750B45200E15EA6 /* Base */ = {isa = PBXFileReference; lastKnownFileType = file.storyboard; name = Base; path = Base.lproj/LaunchScreen.storyboard; sourceTree = "<group>"; };
		06FED3F92750B45200E15EA6 /* Info.plist */ = {isa = PBXFileReference; lastKnownFileType = text.plist.xml; path = Info.plist; sourceTree = "<group>"; };
		06FED3FE2750B45200E15EA6 /* PreworkTests.xctest */ = {isa = PBXFileReference; explicitFileType = wrapper.cfbundle; includeInIndex = 0; path = PreworkTests.xctest; sourceTree = BUILT_PRODUCTS_DIR; };
		06FED4022750B45200E15EA6 /* PreworkTests.swift */ = {isa = PBXFileReference; lastKnownFileType = sourcecode.swift; path = PreworkTests.swift; sourceTree = "<group>"; };
		06FED4042750B45200E15EA6 /* Info.plist */ = {isa = PBXFileReference; lastKnownFileType = text.plist.xml; path = Info.plist; sourceTree = "<group>"; };
		06FED4092750B45200E15EA6 /* PreworkUITests.xctest */ = {isa = PBXFileReference; explicitFileType = wrapper.cfbundle; includeInIndex = 0; path = PreworkUITests.xctest; sourceTree = BUILT_PRODUCTS_DIR; };
		06FED40D2750B45200E15EA6 /* PreworkUITests.swift */ = {isa = PBXFileReference; lastKnownFileType = sourcecode.swift; path = PreworkUITests.swift; sourceTree = "<group>"; };
		06FED40F2750B45200E15EA6 /* Info.plist */ = {isa = PBXFileReference; lastKnownFileType = text.plist.xml; path = Info.plist; sourceTree = "<group>"; };
/* End PBXFileReference section */

/* Begin PBXFrameworksBuildPhase section */
		06FED3E52750B45000E15EA6 /* Frameworks */ = {
			isa = PBXFrameworksBuildPhase;
			buildActionMask = 2147483647;
			files = (
			);
			runOnlyForDeploymentPostprocessing = 0;
		};
		06FED3FB2750B45200E15EA6 /* Frameworks */ = {
			isa = PBXFrameworksBuildPhase;
			buildActionMask = 2147483647;
			files = (
			);
			runOnlyForDeploymentPostprocessing = 0;
		};
		06FED4062750B45200E15EA6 /* Frameworks */ = {
			isa = PBXFrameworksBuildPhase;
			buildActionMask = 2147483647;
			files = (
			);
			runOnlyForDeploymentPostprocessing = 0;
		};
/* End PBXFrameworksBuildPhase section */

/* Begin PBXGroup section */
		06FED3DF2750B45000E15EA6 = {
			isa = PBXGroup;
			children = (
				06FED3EA2750B45000E15EA6 /* Prework */,
				06FED4012750B45200E15EA6 /* PreworkTests */,
				06FED40C2750B45200E15EA6 /* PreworkUITests */,
				06FED3E92750B45000E15EA6 /* Products */,
			);
			sourceTree = "<group>";
		};
		06FED3E92750B45000E15EA6 /* Products */ = {
			isa = PBXGroup;
			children = (
				06FED3E82750B45000E15EA6 /* Prework.app */,
				06FED3FE2750B45200E15EA6 /* PreworkTests.xctest */,
				06FED4092750B45200E15EA6 /* PreworkUITests.xctest */,
			);
			name = Products;
			sourceTree = "<group>";
		};
		06FED3EA2750B45000E15EA6 /* Prework */ = {
			isa = PBXGroup;
			children = (
				06FED3EB2750B45000E15EA6 /* AppDelegate.swift */,
				06FED3ED2750B45000E15EA6 /* SceneDelegate.swift */,
				06FED3EF2750B45000E15EA6 /* ViewController.swift */,
				06FED3F12750B45000E15EA6 /* Main.storyboard */,
				06FED3F42750B45200E15EA6 /* Assets.xcassets */,
				06FED3F62750B45200E15EA6 /* LaunchScreen.storyboard */,
				06FED3F92750B45200E15EA6 /* Info.plist */,
			);
			path = Prework;
			sourceTree = "<group>";
		};
		06FED4012750B45200E15EA6 /* PreworkTests */ = {
			isa = PBXGroup;
			children = (
				06FED4022750B45200E15EA6 /* PreworkTests.swift */,
				06FED4042750B45200E15EA6 /* Info.plist */,
			);
			path = PreworkTests;
			sourceTree = "<group>";
		};
		06FED40C2750B45200E15EA6 /* PreworkUITests */ = {
			isa = PBXGroup;
			children = (
				06FED40D2750B45200E15EA6 /* PreworkUITests.swift */,
				06FED40F2750B45200E15EA6 /* Info.plist */,
			);
			path = PreworkUITests;
			sourceTree = "<group>";
		};
/* End PBXGroup section */

/* Begin PBXNativeTarget section */
		06FED3E72750B45000E15EA6 /* Prework */ = {
			isa = PBXNativeTarget;
			buildConfigurationList = 06FED4122750B45200E15EA6 /* Build configuration list for PBXNativeTarget "Prework" */;
			buildPhases = (
				06FED3E42750B45000E15EA6 /* Sources */,
				06FED3E52750B45000E15EA6 /* Frameworks */,
				06FED3E62750B45000E15EA6 /* Resources */,
			);
			buildRules = (
			);
			dependencies = (
			);
			name = Prework;
			productName = Prework;
			productReference = 06FED3E82750B45000E15EA6 /* Prework.app */;
			productType = "com.apple.product-type.application";
		};
		06FED3FD2750B45200E15EA6 /* PreworkTests */ = {
			isa = PBXNativeTarget;
			buildConfigurationList = 06FED4152750B45200E15EA6 /* Build configuration list for PBXNativeTarget "PreworkTests" */;
			buildPhases = (
				06FED3FA2750B45200E15EA6 /* Sources */,
				06FED3FB2750B45200E15EA6 /* Frameworks */,
				06FED3FC2750B45200E15EA6 /* Resources */,
			);
			buildRules = (
			);
			dependencies = (
				06FED4002750B45200E15EA6 /* PBXTargetDependency */,
			);
			name = PreworkTests;
			productName = PreworkTests;
			productReference = 06FED3FE2750B45200E15EA6 /* PreworkTests.xctest */;
			productType = "com.apple.product-type.bundle.unit-test";
		};
		06FED4082750B45200E15EA6 /* PreworkUITests */ = {
			isa = PBXNativeTarget;
			buildConfigurationList = 06FED4182750B45200E15EA6 /* Build configuration list for PBXNativeTarget "PreworkUITests" */;
			buildPhases = (
				06FED4052750B45200E15EA6 /* Sources */,
				06FED4062750B45200E15EA6 /* Frameworks */,
				06FED4072750B45200E15EA6 /* Resources */,
			);
			buildRules = (
			);
			dependencies = (
				06FED40B2750B45200E15EA6 /* PBXTargetDependency */,
			);
			name = PreworkUITests;
			productName = PreworkUITests;
			productReference = 06FED4092750B45200E15EA6 /* PreworkUITests.xctest */;
			productType = "com.apple.product-type.bundle.ui-testing";
		};
/* End PBXNativeTarget section */

/* Begin PBXProject section */
		06FED3E02750B45000E15EA6 /* Project object */ = {
			isa = PBXProject;
			attributes = {
				LastSwiftUpdateCheck = 1130;
				LastUpgradeCheck = 1130;
				ORGANIZATIONNAME = "Mostafa Atmar";
				TargetAttributes = {
					06FED3E72750B45000E15EA6 = {
						CreatedOnToolsVersion = 11.3.1;
					};
					06FED3FD2750B45200E15EA6 = {
						CreatedOnToolsVersion = 11.3.1;
						TestTargetID = 06FED3E72750B45000E15EA6;
					};
					06FED4082750B45200E15EA6 = {
						CreatedOnToolsVersion = 11.3.1;
						TestTargetID = 06FED3E72750B45000E15EA6;
					};
				};
			};
			buildConfigurationList = 06FED3E32750B45000E15EA6 /* Build configuration list for PBXProject "Prework" */;
			compatibilityVersion = "Xcode 9.3";
			developmentRegion = en;
			hasScannedForEncodings = 0;
			knownRegions = (
				en,
				Base,
			);
			mainGroup = 06FED3DF2750B45000E15EA6;
			productRefGroup = 06FED3E92750B45000E15EA6 /* Products */;
			projectDirPath = "";
			projectRoot = "";
			targets = (
				06FED3E72750B45000E15EA6 /* Prework */,
				06FED3FD2750B45200E15EA6 /* PreworkTests */,
				06FED4082750B45200E15EA6 /* PreworkUITests */,
			);
		};
/* End PBXProject section */

/* Begin PBXResourcesBuildPhase section */
		06FED3E62750B45000E15EA6 /* Resources */ = {
			isa = PBXResourcesBuildPhase;
			buildActionMask = 2147483647;
			files = (
				06FED3F82750B45200E15EA6 /* LaunchScreen.storyboard in Resources */,
				06FED3F52750B45200E15EA6 /* Assets.xcassets in Resources */,
				06FED3F32750B45000E15EA6 /* Main.storyboard in Resources */,
			);
			runOnlyForDeploymentPostprocessing = 0;
		};
		06FED3FC2750B45200E15EA6 /* Resources */ = {
			isa = PBXResourcesBuildPhase;
			buildActionMask = 2147483647;
			files = (
			);
			runOnlyForDeploymentPostprocessing = 0;
		};
		06FED4072750B45200E15EA6 /* Resources */ = {
			isa = PBXResourcesBuildPhase;
			buildActionMask = 2147483647;
			files = (
			);
			runOnlyForDeploymentPostprocessing = 0;
		};
/* End PBXResourcesBuildPhase section */

/* Begin PBXSourcesBuildPhase section */
		06FED3E42750B45000E15EA6 /* Sources */ = {
			isa = PBXSourcesBuildPhase;
			buildActionMask = 2147483647;
			files = (
				06FED3F02750B45000E15EA6 /* ViewController.swift in Sources */,
				06FED3EC2750B45000E15EA6 /* AppDelegate.swift in Sources */,
				06FED3EE2750B45000E15EA6 /* SceneDelegate.swift in Sources */,
			);
			runOnlyForDeploymentPostprocessing = 0;
		};
		06FED3FA2750B45200E15EA6 /* Sources */ = {
			isa = PBXSourcesBuildPhase;
			buildActionMask = 2147483647;
			files = (
				06FED4032750B45200E15EA6 /* PreworkTests.swift in Sources */,
			);
			runOnlyForDeploymentPostprocessing = 0;
		};
		06FED4052750B45200E15EA6 /* Sources */ = {
			isa = PBXSourcesBuildPhase;
			buildActionMask = 2147483647;
			files = (
				06FED40E2750B45200E15EA6 /* PreworkUITests.swift in Sources */,
			);
			runOnlyForDeploymentPostprocessing = 0;
		};
/* End PBXSourcesBuildPhase section */

/* Begin PBXTargetDependency section */
		06FED4002750B45200E15EA6 /* PBXTargetDependency */ = {
			isa = PBXTargetDependency;
			target = 06FED3E72750B45000E15EA6 /* Prework */;
			targetProxy = 06FED3FF2750B45200E15EA6 /* PBXContainerItemProxy */;
		};
		06FED40B2750B45200E15EA6 /* PBXTargetDependency */ = {
			isa = PBXTargetDependency;
			target = 06FED3E72750B45000E15EA6 /* Prework */;
			targetProxy = 06FED40A2750B45200E15EA6 /* PBXContainerItemProxy */;
		};
/* End PBXTargetDependency section */

/* Begin PBXVariantGroup section */
		06FED3F12750B45000E15EA6 /* Main.storyboard */ = {
			isa = PBXVariantGroup;
			children = (
				06FED3F22750B45000E15EA6 /* Base */,
			);
			name = Main.storyboard;
			sourceTree = "<group>";
		};
		06FED3F62750B45200E15EA6 /* LaunchScreen.storyboard */ = {
			isa = PBXVariantGroup;
			children = (
				06FED3F72750B45200E15EA6 /* Base */,
			);
			name = LaunchScreen.storyboard;
			sourceTree = "<group>";
		};
/* End PBXVariantGroup section */

/* Begin XCBuildConfiguration section */
		06FED4102750B45200E15EA6 /* Debug */ = {
			isa = XCBuildConfiguration;
			buildSettings = {
				ALWAYS_SEARCH_USER_PATHS = NO;
				CLANG_ANALYZER_NONNULL = YES;
				CLANG_ANALYZER_NUMBER_OBJECT_CONVERSION = YES_AGGRESSIVE;
				CLANG_CXX_LANGUAGE_STANDARD = "gnu++14";
				CLANG_CXX_LIBRARY = "libc++";
				CLANG_ENABLE_MODULES = YES;
				CLANG_ENABLE_OBJC_ARC = YES;
				CLANG_ENABLE_OBJC_WEAK = YES;
				CLANG_WARN_BLOCK_CAPTURE_AUTORELEASING = YES;
				CLANG_WARN_BOOL_CONVERSION = YES;
				CLANG_WARN_COMMA = YES;
				CLANG_WARN_CONSTANT_CONVERSION = YES;
				CLANG_WARN_DEPRECATED_OBJC_IMPLEMENTATIONS = YES;
				CLANG_WARN_DIRECT_OBJC_ISA_USAGE = YES_ERROR;
				CLANG_WARN_DOCUMENTATION_COMMENTS = YES;
				CLANG_WARN_EMPTY_BODY = YES;
				CLANG_WARN_ENUM_CONVERSION = YES;
				CLANG_WARN_INFINITE_RECURSION = YES;
				CLANG_WARN_INT_CONVERSION = YES;
				CLANG_WARN_NON_LITERAL_NULL_CONVERSION = YES;
				CLANG_WARN_OBJC_IMPLICIT_RETAIN_SELF = YES;
				CLANG_WARN_OBJC_LITERAL_CONVERSION = YES;
				CLANG_WARN_OBJC_ROOT_CLASS = YES_ERROR;
				CLANG_WARN_RANGE_LOOP_ANALYSIS = YES;
				CLANG_WARN_STRICT_PROTOTYPES = YES;
				CLANG_WARN_SUSPICIOUS_MOVE = YES;
				CLANG_WARN_UNGUARDED_AVAILABILITY = YES_AGGRESSIVE;
				CLANG_WARN_UNREACHABLE_CODE = YES;
				CLANG_WARN__DUPLICATE_METHOD_MATCH = YES;
				COPY_PHASE_STRIP = NO;
				DEBUG_INFORMATION_FORMAT = dwarf;
				ENABLE_STRICT_OBJC_MSGSEND = YES;
				ENABLE_TESTABILITY = YES;
				GCC_C_LANGUAGE_STANDARD = gnu11;
				GCC_DYNAMIC_NO_PIC = NO;
				GCC_NO_COMMON_BLOCKS = YES;
				GCC_OPTIMIZATION_LEVEL = 0;
				GCC_PREPROCESSOR_DEFINITIONS = (
					"DEBUG=1",
					"$(inherited)",
				);
				GCC_WARN_64_TO_32_BIT_CONVERSION = YES;
				GCC_WARN_ABOUT_RETURN_TYPE = YES_ERROR;
				GCC_WARN_UNDECLARED_SELECTOR = YES;
				GCC_WARN_UNINITIALIZED_AUTOS = YES_AGGRESSIVE;
				GCC_WARN_UNUSED_FUNCTION = YES;
				GCC_WARN_UNUSED_VARIABLE = YES;
				IPHONEOS_DEPLOYMENT_TARGET = 13.2;
				MTL_ENABLE_DEBUG_INFO = INCLUDE_SOURCE;
				MTL_FAST_MATH = YES;
				ONLY_ACTIVE_ARCH = YES;
				SDKROOT = iphoneos;
				SWIFT_ACTIVE_COMPILATION_CONDITIONS = DEBUG;
				SWIFT_OPTIMIZATION_LEVEL = "-Onone";
			};
			name = Debug;
		};
		06FED4112750B45200E15EA6 /* Release */ = {
			isa = XCBuildConfiguration;
			buildSettings = {
				ALWAYS_SEARCH_USER_PATHS = NO;
				CLANG_ANALYZER_NONNULL = YES;
				CLANG_ANALYZER_NUMBER_OBJECT_CONVERSION = YES_AGGRESSIVE;
				CLANG_CXX_LANGUAGE_STANDARD = "gnu++14";
				CLANG_CXX_LIBRARY = "libc++";
				CLANG_ENABLE_MODULES = YES;
				CLANG_ENABLE_OBJC_ARC = YES;
				CLANG_ENABLE_OBJC_WEAK = YES;
				CLANG_WARN_BLOCK_CAPTURE_AUTORELEASING = YES;
				CLANG_WARN_BOOL_CONVERSION = YES;
				CLANG_WARN_COMMA = YES;
				CLANG_WARN_CONSTANT_CONVERSION = YES;
				CLANG_WARN_DEPRECATED_OBJC_IMPLEMENTATIONS = YES;
				CLANG_WARN_DIRECT_OBJC_ISA_USAGE = YES_ERROR;
				CLANG_WARN_DOCUMENTATION_COMMENTS = YES;
				CLANG_WARN_EMPTY_BODY = YES;
				CLANG_WARN_ENUM_CONVERSION = YES;
				CLANG_WARN_INFINITE_RECURSION = YES;
				CLANG_WARN_INT_CONVERSION = YES;
				CLANG_WARN_NON_LITERAL_NULL_CONVERSION = YES;
				CLANG_WARN_OBJC_IMPLICIT_RETAIN_SELF = YES;
				CLANG_WARN_OBJC_LITERAL_CONVERSION = YES;
				CLANG_WARN_OBJC_ROOT_CLASS = YES_ERROR;
				CLANG_WARN_RANGE_LOOP_ANALYSIS = YES;
				CLANG_WARN_STRICT_PROTOTYPES = YES;
				CLANG_WARN_SUSPICIOUS_MOVE = YES;
				CLANG_WARN_UNGUARDED_AVAILABILITY = YES_AGGRESSIVE;
				CLANG_WARN_UNREACHABLE_CODE = YES;
				CLANG_WARN__DUPLICATE_METHOD_MATCH = YES;
				COPY_PHASE_STRIP = NO;
				DEBUG_INFORMATION_FORMAT = "dwarf-with-dsym";
				ENABLE_NS_ASSERTIONS = NO;
				ENABLE_STRICT_OBJC_MSGSEND = YES;
				GCC_C_LANGUAGE_STANDARD = gnu11;
				GCC_NO_COMMON_BLOCKS = YES;
				GCC_WARN_64_TO_32_BIT_CONVERSION = YES;
				GCC_WARN_ABOUT_RETURN_TYPE = YES_ERROR;
				GCC_WARN_UNDECLARED_SELECTOR = YES;
				GCC_WARN_UNINITIALIZED_AUTOS = YES_AGGRESSIVE;
				GCC_WARN_UNUSED_FUNCTION = YES;
				GCC_WARN_UNUSED_VARIABLE = YES;
				IPHONEOS_DEPLOYMENT_TARGET = 13.2;
				MTL_ENABLE_DEBUG_INFO = NO;
				MTL_FAST_MATH = YES;
				SDKROOT = iphoneos;
				SWIFT_COMPILATION_MODE = wholemodule;
				SWIFT_OPTIMIZATION_LEVEL = "-O";
				VALIDATE_PRODUCT = YES;
			};
			name = Release;
		};
		06FED4132750B45200E15EA6 /* Debug */ = {
			isa = XCBuildConfiguration;
			buildSettings = {
				ASSETCATALOG_COMPILER_APPICON_NAME = AppIcon;
				CODE_SIGN_STYLE = Automatic;
				INFOPLIST_FILE = Prework/Info.plist;
				LD_RUNPATH_SEARCH_PATHS = (
					"$(inherited)",
					"@executable_path/Frameworks",
				);
				PRODUCT_BUNDLE_IDENTIFIER = mostafa.Prework;
				PRODUCT_NAME = "$(TARGET_NAME)";
				SWIFT_VERSION = 5.0;
				TARGETED_DEVICE_FAMILY = "1,2";
			};
			name = Debug;
		};
		06FED4142750B45200E15EA6 /* Release */ = {
			isa = XCBuildConfiguration;
			buildSettings = {
				ASSETCATALOG_COMPILER_APPICON_NAME = AppIcon;
				CODE_SIGN_STYLE = Automatic;
				INFOPLIST_FILE = Prework/Info.plist;
				LD_RUNPATH_SEARCH_PATHS = (
					"$(inherited)",
					"@executable_path/Frameworks",
				);
				PRODUCT_BUNDLE_IDENTIFIER = mostafa.Prework;
				PRODUCT_NAME = "$(TARGET_NAME)";
				SWIFT_VERSION = 5.0;
				TARGETED_DEVICE_FAMILY = "1,2";
			};
			name = Release;
		};
		06FED4162750B45200E15EA6 /* Debug */ = {
			isa = XCBuildConfiguration;
			buildSettings = {
				ALWAYS_EMBED_SWIFT_STANDARD_LIBRARIES = YES;
				BUNDLE_LOADER = "$(TEST_HOST)";
				CODE_SIGN_STYLE = Automatic;
				INFOPLIST_FILE = PreworkTests/Info.plist;
				IPHONEOS_DEPLOYMENT_TARGET = 13.2;
				LD_RUNPATH_SEARCH_PATHS = (
					"$(inherited)",
					"@executable_path/Frameworks",
					"@loader_path/Frameworks",
				);
				PRODUCT_BUNDLE_IDENTIFIER = mostafa.PreworkTests;
				PRODUCT_NAME = "$(TARGET_NAME)";
				SWIFT_VERSION = 5.0;
				TARGETED_DEVICE_FAMILY = "1,2";
				TEST_HOST = "$(BUILT_PRODUCTS_DIR)/Prework.app/Prework";
			};
			name = Debug;
		};
		06FED4172750B45200E15EA6 /* Release */ = {
			isa = XCBuildConfiguration;
			buildSettings = {
				ALWAYS_EMBED_SWIFT_STANDARD_LIBRARIES = YES;
				BUNDLE_LOADER = "$(TEST_HOST)";
				CODE_SIGN_STYLE = Automatic;
				INFOPLIST_FILE = PreworkTests/Info.plist;
				IPHONEOS_DEPLOYMENT_TARGET = 13.2;
				LD_RUNPATH_SEARCH_PATHS = (
					"$(inherited)",
					"@executable_path/Frameworks",
					"@loader_path/Frameworks",
				);
				PRODUCT_BUNDLE_IDENTIFIER = mostafa.PreworkTests;
				PRODUCT_NAME = "$(TARGET_NAME)";
				SWIFT_VERSION = 5.0;
				TARGETED_DEVICE_FAMILY = "1,2";
				TEST_HOST = "$(BUILT_PRODUCTS_DIR)/Prework.app/Prework";
			};
			name = Release;
		};
		06FED4192750B45200E15EA6 /* Debug */ = {
			isa = XCBuildConfiguration;
			buildSettings = {
				ALWAYS_EMBED_SWIFT_STANDARD_LIBRARIES = YES;
				CODE_SIGN_STYLE = Automatic;
				INFOPLIST_FILE = PreworkUITests/Info.plist;
				LD_RUNPATH_SEARCH_PATHS = (
					"$(inherited)",
					"@executable_path/Frameworks",
					"@loader_path/Frameworks",
				);
				PRODUCT_BUNDLE_IDENTIFIER = mostafa.PreworkUITests;
				PRODUCT_NAME = "$(TARGET_NAME)";
				SWIFT_VERSION = 5.0;
				TARGETED_DEVICE_FAMILY = "1,2";
				TEST_TARGET_NAME = Prework;
			};
			name = Debug;
		};
		06FED41A2750B45200E15EA6 /* Release */ = {
			isa = XCBuildConfiguration;
			buildSettings = {
				ALWAYS_EMBED_SWIFT_STANDARD_LIBRARIES = YES;
				CODE_SIGN_STYLE = Automatic;
				INFOPLIST_FILE = PreworkUITests/Info.plist;
				LD_RUNPATH_SEARCH_PATHS = (
					"$(inherited)",
					"@executable_path/Frameworks",
					"@loader_path/Frameworks",
				);
				PRODUCT_BUNDLE_IDENTIFIER = mostafa.PreworkUITests;
				PRODUCT_NAME = "$(TARGET_NAME)";
				SWIFT_VERSION = 5.0;
				TARGETED_DEVICE_FAMILY = "1,2";
				TEST_TARGET_NAME = Prework;
			};
			name = Release;
		};
/* End XCBuildConfiguration section */

/* Begin XCConfigurationList section */
		06FED3E32750B45000E15EA6 /* Build configuration list for PBXProject "Prework" */ = {
			isa = XCConfigurationList;
			buildConfigurations = (
				06FED4102750B45200E15EA6 /* Debug */,
				06FED4112750B45200E15EA6 /* Release */,
			);
			defaultConfigurationIsVisible = 0;
			defaultConfigurationName = Release;
		};
		06FED4122750B45200E15EA6 /* Build configuration list for PBXNativeTarget "Prework" */ = {
			isa = XCConfigurationList;
			buildConfigurations = (
				06FED4132750B45200E15EA6 /* Debug */,
				06FED4142750B45200E15EA6 /* Release */,
			);
			defaultConfigurationIsVisible = 0;
			defaultConfigurationName = Release;
		};
		06FED4152750B45200E15EA6 /* Build configuration list for PBXNativeTarget "PreworkTests" */ = {
			isa = XCConfigurationList;
			buildConfigurations = (
				06FED4162750B45200E15EA6 /* Debug */,
				06FED4172750B45200E15EA6 /* Release */,
			);
			defaultConfigurationIsVisible = 0;
			defaultConfigurationName = Release;
		};
		06FED4182750B45200E15EA6 /* Build configuration list for PBXNativeTarget "PreworkUITests" */ = {
			isa = XCConfigurationList;
			buildConfigurations = (
				06FED4192750B45200E15EA6 /* Debug */,
				06FED41A2750B45200E15EA6 /* Release */,
			);
			defaultConfigurationIsVisible = 0;
			defaultConfigurationName = Release;
		};
/* End XCConfigurationList section */
	};
	rootObject = 06FED3E02750B45000E15EA6 /* Project object */;
}
